
Microsoft Visual Studio Solution File, Format Version 12.00
# Visual Studio Version 17
VisualStudioVersion = 17.1.32328.378
MinimumVisualStudioVersion = 10.0.40219.1
Project("{FAE04EC0-301F-11D3-BF4B-00C04F79EFBC}") = "RFP_DAY8_ASSIGNMENT", "RFP_DAY8_ASSIGNMENT\RFP_DAY8_ASSIGNMENT.csproj", "{0336B42F-7BDF-4959-AB0F-B1AE37B8ED47}"
EndProject
Global
	GlobalSection(SolutionConfigurationPlatforms) = preSolution
		Debug|Any CPU = Debug|Any CPU
		Release|Any CPU = Release|Any CPU
	EndGlobalSection
	GlobalSection(ProjectConfigurationPlatforms) = postSolution
		{0336B42F-7BDF-4959-AB0F-B1AE37B8ED47}.Debug|Any CPU.ActiveCfg = Debug|Any CPU
		{0336B42F-7BDF-4959-AB0F-B1AE37B8ED47}.Debug|Any CPU.Build.0 = Debug|Any CPU
		{0336B42F-7BDF-4959-AB0F-B1AE37B8ED47}.Release|Any CPU.ActiveCfg = Release|Any CPU
		{0336B42F-7BDF-4959-AB0F-B1AE37B8ED47}.Release|Any CPU.Build.0 = Release|Any CPU
	EndGlobalSection
	GlobalSection(SolutionProperties) = preSolution
		HideSolutionNode = FALSE
	EndGlobalSection
	GlobalSection(ExtensibilityGlobals) = postSolution
		SolutionGuid = {CEA9926D-80F1-4FD5-8C92-630DC9E9E798}
	EndGlobalSection
EndGlobal
